
Microsoft Visual Studio Solution File, Format Version 12.00
# Visual Studio 15
VisualStudioVersion = 15.0.28010.2048
MinimumVisualStudioVersion = 10.0.40219.1
Project("{FAE04EC0-301F-11D3-BF4B-00C04F79EFBC}") = "Windows Website Monitoring", "Windows Website Monitoring\Windows Website Monitoring.csproj", "{1A649356-B696-42A2-987F-A92598EE04D2}"
EndProject
Project("{930C7802-8A8C-48F9-8165-68863BCCD9DD}") = "SetupWindowsMonitoring", "SetupWindowsMonitoring\SetupWindowsMonitoring.wixproj", "{0F5FAE07-82D2-4A7C-86D8-699A70A66EA6}"
EndProject
Project("{930C7802-8A8C-48F9-8165-68863BCCD9DD}") = "BundleWindowsMonitoring", "BundleWindowsMonitoring\BundleWindowsMonitoring.wixproj", "{5239FBC6-0C4C-43CB-8182-9771BEAA5CA6}"
EndProject
Global
	GlobalSection(SolutionConfigurationPlatforms) = preSolution
		Debug|Any CPU = Debug|Any CPU
		Debug|x86 = Debug|x86
		Release|Any CPU = Release|Any CPU
		Release|x86 = Release|x86
	EndGlobalSection
	GlobalSection(ProjectConfigurationPlatforms) = postSolution
		{1A649356-B696-42A2-987F-A92598EE04D2}.Debug|Any CPU.ActiveCfg = Debug|Any CPU
		{1A649356-B696-42A2-987F-A92598EE04D2}.Debug|Any CPU.Build.0 = Debug|Any CPU
		{1A649356-B696-42A2-987F-A92598EE04D2}.Debug|x86.ActiveCfg = Debug|Any CPU
		{1A649356-B696-42A2-987F-A92598EE04D2}.Debug|x86.Build.0 = Debug|Any CPU
		{1A649356-B696-42A2-987F-A92598EE04D2}.Release|Any CPU.ActiveCfg = Release|Any CPU
		{1A649356-B696-42A2-987F-A92598EE04D2}.Release|Any CPU.Build.0 = Release|Any CPU
		{1A649356-B696-42A2-987F-A92598EE04D2}.Release|x86.ActiveCfg = Release|Any CPU
		{1A649356-B696-42A2-987F-A92598EE04D2}.Release|x86.Build.0 = Release|Any CPU
		{0F5FAE07-82D2-4A7C-86D8-699A70A66EA6}.Debug|Any CPU.ActiveCfg = Debug|x86
		{0F5FAE07-82D2-4A7C-86D8-699A70A66EA6}.Debug|x86.ActiveCfg = Debug|x86
		{0F5FAE07-82D2-4A7C-86D8-699A70A66EA6}.Debug|x86.Build.0 = Debug|x86
		{0F5FAE07-82D2-4A7C-86D8-699A70A66EA6}.Release|Any CPU.ActiveCfg = Release|x86
		{0F5FAE07-82D2-4A7C-86D8-699A70A66EA6}.Release|x86.ActiveCfg = Release|x86
		{0F5FAE07-82D2-4A7C-86D8-699A70A66EA6}.Release|x86.Build.0 = Release|x86
		{5239FBC6-0C4C-43CB-8182-9771BEAA5CA6}.Debug|Any CPU.ActiveCfg = Debug|x86
		{5239FBC6-0C4C-43CB-8182-9771BEAA5CA6}.Debug|x86.ActiveCfg = Debug|x86
		{5239FBC6-0C4C-43CB-8182-9771BEAA5CA6}.Debug|x86.Build.0 = Debug|x86
		{5239FBC6-0C4C-43CB-8182-9771BEAA5CA6}.Release|Any CPU.ActiveCfg = Release|x86
		{5239FBC6-0C4C-43CB-8182-9771BEAA5CA6}.Release|x86.ActiveCfg = Release|x86
		{5239FBC6-0C4C-43CB-8182-9771BEAA5CA6}.Release|x86.Build.0 = Release|x86
	EndGlobalSection
	GlobalSection(SolutionProperties) = preSolution
		HideSolutionNode = FALSE
	EndGlobalSection
	GlobalSection(ExtensibilityGlobals) = postSolution
		SolutionGuid = {00AC44DD-A910-491F-ABEF-42F199E3166A}
	EndGlobalSection
EndGlobal
